// !$*UTF8*$!
{
	archiveVersion = 1;
	classes = {
	};
	objectVersion = 55;
	objects = {

/* Begin PBXBuildFile section */
		4D3CAAD127D5AC260079C2C0 /* Tests_iOS.swift in Sources */ = {isa = PBXBuildFile; fileRef = 4D3CAAD027D5AC260079C2C0 /* Tests_iOS.swift */; };
		4D3CAAD327D5AC260079C2C0 /* Tests_iOSLaunchTests.swift in Sources */ = {isa = PBXBuildFile; fileRef = 4D3CAAD227D5AC260079C2C0 /* Tests_iOSLaunchTests.swift */; };
		4D3CAADD27D5AC260079C2C0 /* Tests_macOS.swift in Sources */ = {isa = PBXBuildFile; fileRef = 4D3CAADC27D5AC260079C2C0 /* Tests_macOS.swift */; };
		4D3CAADF27D5AC260079C2C0 /* Tests_macOSLaunchTests.swift in Sources */ = {isa = PBXBuildFile; fileRef = 4D3CAADE27D5AC260079C2C0 /* Tests_macOSLaunchTests.swift */; };
		4D3CAAE027D5AC260079C2C0 /* FilteringExample.xcdatamodeld in Sources */ = {isa = PBXBuildFile; fileRef = 4D3CAAB527D5AC240079C2C0 /* FilteringExample.xcdatamodeld */; };
		4D3CAAE127D5AC260079C2C0 /* FilteringExample.xcdatamodeld in Sources */ = {isa = PBXBuildFile; fileRef = 4D3CAAB527D5AC240079C2C0 /* FilteringExample.xcdatamodeld */; };
		4D3CAAE227D5AC260079C2C0 /* FilteringExampleApp.swift in Sources */ = {isa = PBXBuildFile; fileRef = 4D3CAAB727D5AC240079C2C0 /* FilteringExampleApp.swift */; };
		4D3CAAE327D5AC260079C2C0 /* FilteringExampleApp.swift in Sources */ = {isa = PBXBuildFile; fileRef = 4D3CAAB727D5AC240079C2C0 /* FilteringExampleApp.swift */; };
		4D3CAAE427D5AC260079C2C0 /* ContentView.swift in Sources */ = {isa = PBXBuildFile; fileRef = 4D3CAAB827D5AC240079C2C0 /* ContentView.swift */; };
		4D3CAAE527D5AC260079C2C0 /* ContentView.swift in Sources */ = {isa = PBXBuildFile; fileRef = 4D3CAAB827D5AC240079C2C0 /* ContentView.swift */; };
		4D3CAAE627D5AC260079C2C0 /* Persistence.swift in Sources */ = {isa = PBXBuildFile; fileRef = 4D3CAAB927D5AC240079C2C0 /* Persistence.swift */; };
		4D3CAAE727D5AC260079C2C0 /* Persistence.swift in Sources */ = {isa = PBXBuildFile; fileRef = 4D3CAAB927D5AC240079C2C0 /* Persistence.swift */; };
		4D3CAAE827D5AC260079C2C0 /* Assets.xcassets in Resources */ = {isa = PBXBuildFile; fileRef = 4D3CAABA27D5AC260079C2C0 /* Assets.xcassets */; };
		4D3CAAE927D5AC260079C2C0 /* Assets.xcassets in Resources */ = {isa = PBXBuildFile; fileRef = 4D3CAABA27D5AC260079C2C0 /* Assets.xcassets */; };
		4D3CAB2427D681910079C2C0 /* ItemDetail.swift in Sources */ = {isa = PBXBuildFile; fileRef = 4D3CAB2327D681910079C2C0 /* ItemDetail.swift */; };
		4D3CAB2527D681910079C2C0 /* ItemDetail.swift in Sources */ = {isa = PBXBuildFile; fileRef = 4D3CAB2327D681910079C2C0 /* ItemDetail.swift */; };
		4D3CAB2727D68C620079C2C0 /* ItemSort.swift in Sources */ = {isa = PBXBuildFile; fileRef = 4D3CAB2627D68C620079C2C0 /* ItemSort.swift */; };
		4D3CAB2827D68C620079C2C0 /* ItemSort.swift in Sources */ = {isa = PBXBuildFile; fileRef = 4D3CAB2627D68C620079C2C0 /* ItemSort.swift */; };
		4D3CAB3027D68FF70079C2C0 /* ItemSortSelectionView.swift in Sources */ = {isa = PBXBuildFile; fileRef = 4D3CAB2F27D68FF70079C2C0 /* ItemSortSelectionView.swift */; };
		4D3CAB3127D68FF70079C2C0 /* ItemSortSelectionView.swift in Sources */ = {isa = PBXBuildFile; fileRef = 4D3CAB2F27D68FF70079C2C0 /* ItemSortSelectionView.swift */; };
		4D3CAB3327D69D0C0079C2C0 /* ItemBrowseView.swift in Sources */ = {isa = PBXBuildFile; fileRef = 4D3CAB3227D69D0C0079C2C0 /* ItemBrowseView.swift */; };
		4D3CAB3427D69D0C0079C2C0 /* ItemBrowseView.swift in Sources */ = {isa = PBXBuildFile; fileRef = 4D3CAB3227D69D0C0079C2C0 /* ItemBrowseView.swift */; };
		4D3CAB3D27D6ABA50079C2C0 /* Item+CoreDataClass.swift in Sources */ = {isa = PBXBuildFile; fileRef = 4D3CAB3B27D6ABA50079C2C0 /* Item+CoreDataClass.swift */; };
		4D3CAB3E27D6ABA50079C2C0 /* Item+CoreDataClass.swift in Sources */ = {isa = PBXBuildFile; fileRef = 4D3CAB3B27D6ABA50079C2C0 /* Item+CoreDataClass.swift */; };
		4D3CAB3F27D6ABA50079C2C0 /* Item+CoreDataProperties.swift in Sources */ = {isa = PBXBuildFile; fileRef = 4D3CAB3C27D6ABA50079C2C0 /* Item+CoreDataProperties.swift */; };
		4D3CAB4027D6ABA50079C2C0 /* Item+CoreDataProperties.swift in Sources */ = {isa = PBXBuildFile; fileRef = 4D3CAB3C27D6ABA50079C2C0 /* Item+CoreDataProperties.swift */; };
/* End PBXBuildFile section */

/* Begin PBXContainerItemProxy section */
		4D3CAACD27D5AC260079C2C0 /* PBXContainerItemProxy */ = {
			isa = PBXContainerItemProxy;
			containerPortal = 4D3CAAB027D5AC240079C2C0 /* Project object */;
			proxyType = 1;
			remoteGlobalIDString = 4D3CAABE27D5AC260079C2C0;
			remoteInfo = "FilteringExample (iOS)";
		};
		4D3CAAD927D5AC260079C2C0 /* PBXContainerItemProxy */ = {
			isa = PBXContainerItemProxy;
			containerPortal = 4D3CAAB027D5AC240079C2C0 /* Project object */;
			proxyType = 1;
			remoteGlobalIDString = 4D3CAAC427D5AC260079C2C0;
			remoteInfo = "FilteringExample (macOS)";
		};
/* End PBXContainerItemProxy section */

/* Begin PBXFileReference section */
		4D3CAAB627D5AC240079C2C0 /* Shared.xcdatamodel */ = {isa = PBXFileReference; lastKnownFileType = wrapper.xcdatamodel; path = Shared.xcdatamodel; sourceTree = "<group>"; };
		4D3CAAB727D5AC240079C2C0 /* FilteringExampleApp.swift */ = {isa = PBXFileReference; lastKnownFileType = sourcecode.swift; path = FilteringExampleApp.swift; sourceTree = "<group>"; };
		4D3CAAB827D5AC240079C2C0 /* ContentView.swift */ = {isa = PBXFileReference; lastKnownFileType = sourcecode.swift; path = ContentView.swift; sourceTree = "<group>"; };
		4D3CAAB927D5AC240079C2C0 /* Persistence.swift */ = {isa = PBXFileReference; lastKnownFileType = sourcecode.swift; path = Persistence.swift; sourceTree = "<group>"; };
		4D3CAABA27D5AC260079C2C0 /* Assets.xcassets */ = {isa = PBXFileReference; lastKnownFileType = folder.assetcatalog; path = Assets.xcassets; sourceTree = "<group>"; };
		4D3CAABF27D5AC260079C2C0 /* FilteringExample.app */ = {isa = PBXFileReference; explicitFileType = wrapper.application; includeInIndex = 0; path = FilteringExample.app; sourceTree = BUILT_PRODUCTS_DIR; };
		4D3CAAC527D5AC260079C2C0 /* FilteringExample.app */ = {isa = PBXFileReference; explicitFileType = wrapper.application; includeInIndex = 0; path = FilteringExample.app; sourceTree = BUILT_PRODUCTS_DIR; };
		4D3CAAC727D5AC260079C2C0 /* macOS.entitlements */ = {isa = PBXFileReference; lastKnownFileType = text.plist.entitlements; path = macOS.entitlements; sourceTree = "<group>"; };
		4D3CAACC27D5AC260079C2C0 /* Tests iOS.xctest */ = {isa = PBXFileReference; explicitFileType = wrapper.cfbundle; includeInIndex = 0; path = "Tests iOS.xctest"; sourceTree = BUILT_PRODUCTS_DIR; };
		4D3CAAD027D5AC260079C2C0 /* Tests_iOS.swift */ = {isa = PBXFileReference; lastKnownFileType = sourcecode.swift; path = Tests_iOS.swift; sourceTree = "<group>"; };
		4D3CAAD227D5AC260079C2C0 /* Tests_iOSLaunchTests.swift */ = {isa = PBXFileReference; lastKnownFileType = sourcecode.swift; path = Tests_iOSLaunchTests.swift; sourceTree = "<group>"; };
		4D3CAAD827D5AC260079C2C0 /* Tests macOS.xctest */ = {isa = PBXFileReference; explicitFileType = wrapper.cfbundle; includeInIndex = 0; path = "Tests macOS.xctest"; sourceTree = BUILT_PRODUCTS_DIR; };
		4D3CAADC27D5AC260079C2C0 /* Tests_macOS.swift */ = {isa = PBXFileReference; lastKnownFileType = sourcecode.swift; path = Tests_macOS.swift; sourceTree = "<group>"; };
		4D3CAADE27D5AC260079C2C0 /* Tests_macOSLaunchTests.swift */ = {isa = PBXFileReference; lastKnownFileType = sourcecode.swift; path = Tests_macOSLaunchTests.swift; sourceTree = "<group>"; };
		4D3CAB2327D681910079C2C0 /* ItemDetail.swift */ = {isa = PBXFileReference; lastKnownFileType = sourcecode.swift; path = ItemDetail.swift; sourceTree = "<group>"; };
		4D3CAB2627D68C620079C2C0 /* ItemSort.swift */ = {isa = PBXFileReference; lastKnownFileType = sourcecode.swift; path = ItemSort.swift; sourceTree = "<group>"; };
		4D3CAB2F27D68FF70079C2C0 /* ItemSortSelectionView.swift */ = {isa = PBXFileReference; lastKnownFileType = sourcecode.swift; path = ItemSortSelectionView.swift; sourceTree = "<group>"; };
		4D3CAB3227D69D0C0079C2C0 /* ItemBrowseView.swift */ = {isa = PBXFileReference; lastKnownFileType = sourcecode.swift; path = ItemBrowseView.swift; sourceTree = "<group>"; };
		4D3CAB3B27D6ABA50079C2C0 /* Item+CoreDataClass.swift */ = {isa = PBXFileReference; lastKnownFileType = sourcecode.swift; path = "Item+CoreDataClass.swift"; sourceTree = "<group>"; };
		4D3CAB3C27D6ABA50079C2C0 /* Item+CoreDataProperties.swift */ = {isa = PBXFileReference; lastKnownFileType = sourcecode.swift; path = "Item+CoreDataProperties.swift"; sourceTree = "<group>"; };
/* End PBXFileReference section */

/* Begin PBXFrameworksBuildPhase section */
		4D3CAABC27D5AC260079C2C0 /* Frameworks */ = {
			isa = PBXFrameworksBuildPhase;
			buildActionMask = 2147483647;
			files = (
			);
			runOnlyForDeploymentPostprocessing = 0;
		};
		4D3CAAC227D5AC260079C2C0 /* Frameworks */ = {
			isa = PBXFrameworksBuildPhase;
			buildActionMask = 2147483647;
			files = (
			);
			runOnlyForDeploymentPostprocessing = 0;
		};
		4D3CAAC927D5AC260079C2C0 /* Frameworks */ = {
			isa = PBXFrameworksBuildPhase;
			buildActionMask = 2147483647;
			files = (
			);
			runOnlyForDeploymentPostprocessing = 0;
		};
		4D3CAAD527D5AC260079C2C0 /* Frameworks */ = {
			isa = PBXFrameworksBuildPhase;
			buildActionMask = 2147483647;
			files = (
			);
			runOnlyForDeploymentPostprocessing = 0;
		};
/* End PBXFrameworksBuildPhase section */

/* Begin PBXGroup section */
		4D3CAAAF27D5AC240079C2C0 = {
			isa = PBXGroup;
			children = (
				4D3CAAB427D5AC240079C2C0 /* Shared */,
				4D3CAAC627D5AC260079C2C0 /* macOS */,
				4D3CAACF27D5AC260079C2C0 /* Tests iOS */,
				4D3CAADB27D5AC260079C2C0 /* Tests macOS */,
				4D3CAAC027D5AC260079C2C0 /* Products */,
			);
			sourceTree = "<group>";
		};
		4D3CAAB427D5AC240079C2C0 /* Shared */ = {
			isa = PBXGroup;
			children = (
				4D3CAB3B27D6ABA50079C2C0 /* Item+CoreDataClass.swift */,
				4D3CAB3C27D6ABA50079C2C0 /* Item+CoreDataProperties.swift */,
				4D3CAAB727D5AC240079C2C0 /* FilteringExampleApp.swift */,
				4D3CAAB827D5AC240079C2C0 /* ContentView.swift */,
				4D3CAAB927D5AC240079C2C0 /* Persistence.swift */,
				4D3CAABA27D5AC260079C2C0 /* Assets.xcassets */,
				4D3CAAB527D5AC240079C2C0 /* FilteringExample.xcdatamodeld */,
				4D3CAB2327D681910079C2C0 /* ItemDetail.swift */,
				4D3CAB2627D68C620079C2C0 /* ItemSort.swift */,
				4D3CAB2F27D68FF70079C2C0 /* ItemSortSelectionView.swift */,
				4D3CAB3227D69D0C0079C2C0 /* ItemBrowseView.swift */,
			);
			path = Shared;
			sourceTree = "<group>";
		};
		4D3CAAC027D5AC260079C2C0 /* Products */ = {
			isa = PBXGroup;
			children = (
				4D3CAABF27D5AC260079C2C0 /* FilteringExample.app */,
				4D3CAAC527D5AC260079C2C0 /* FilteringExample.app */,
				4D3CAACC27D5AC260079C2C0 /* Tests iOS.xctest */,
				4D3CAAD827D5AC260079C2C0 /* Tests macOS.xctest */,
			);
			name = Products;
			sourceTree = "<group>";
		};
		4D3CAAC627D5AC260079C2C0 /* macOS */ = {
			isa = PBXGroup;
			children = (
				4D3CAAC727D5AC260079C2C0 /* macOS.entitlements */,
			);
			path = macOS;
			sourceTree = "<group>";
		};
		4D3CAACF27D5AC260079C2C0 /* Tests iOS */ = {
			isa = PBXGroup;
			children = (
				4D3CAAD027D5AC260079C2C0 /* Tests_iOS.swift */,
				4D3CAAD227D5AC260079C2C0 /* Tests_iOSLaunchTests.swift */,
			);
			path = "Tests iOS";
			sourceTree = "<group>";
		};
		4D3CAADB27D5AC260079C2C0 /* Tests macOS */ = {
			isa = PBXGroup;
			children = (
				4D3CAADC27D5AC260079C2C0 /* Tests_macOS.swift */,
				4D3CAADE27D5AC260079C2C0 /* Tests_macOSLaunchTests.swift */,
			);
			path = "Tests macOS";
			sourceTree = "<group>";
		};
/* End PBXGroup section */

/* Begin PBXNativeTarget section */
		4D3CAABE27D5AC260079C2C0 /* FilteringExample (iOS) */ = {
			isa = PBXNativeTarget;
			buildConfigurationList = 4D3CAAEC27D5AC260079C2C0 /* Build configuration list for PBXNativeTarget "FilteringExample (iOS)" */;
			buildPhases = (
				4D3CAABB27D5AC260079C2C0 /* Sources */,
				4D3CAABC27D5AC260079C2C0 /* Frameworks */,
				4D3CAABD27D5AC260079C2C0 /* Resources */,
			);
			buildRules = (
			);
			dependencies = (
			);
			name = "FilteringExample (iOS)";
			productName = "FilteringExample (iOS)";
			productReference = 4D3CAABF27D5AC260079C2C0 /* FilteringExample.app */;
			productType = "com.apple.product-type.application";
		};
		4D3CAAC427D5AC260079C2C0 /* FilteringExample (macOS) */ = {
			isa = PBXNativeTarget;
			buildConfigurationList = 4D3CAAEF27D5AC260079C2C0 /* Build configuration list for PBXNativeTarget "FilteringExample (macOS)" */;
			buildPhases = (
				4D3CAAC127D5AC260079C2C0 /* Sources */,
				4D3CAAC227D5AC260079C2C0 /* Frameworks */,
				4D3CAAC327D5AC260079C2C0 /* Resources */,
			);
			buildRules = (
			);
			dependencies = (
			);
			name = "FilteringExample (macOS)";
			productName = "FilteringExample (macOS)";
			productReference = 4D3CAAC527D5AC260079C2C0 /* FilteringExample.app */;
			productType = "com.apple.product-type.application";
		};
		4D3CAACB27D5AC260079C2C0 /* Tests iOS */ = {
			isa = PBXNativeTarget;
			buildConfigurationList = 4D3CAAF227D5AC260079C2C0 /* Build configuration list for PBXNativeTarget "Tests iOS" */;
			buildPhases = (
				4D3CAAC827D5AC260079C2C0 /* Sources */,
				4D3CAAC927D5AC260079C2C0 /* Frameworks */,
				4D3CAACA27D5AC260079C2C0 /* Resources */,
			);
			buildRules = (
			);
			dependencies = (
				4D3CAACE27D5AC260079C2C0 /* PBXTargetDependency */,
			);
			name = "Tests iOS";
			productName = "Tests iOS";
			productReference = 4D3CAACC27D5AC260079C2C0 /* Tests iOS.xctest */;
			productType = "com.apple.product-type.bundle.ui-testing";
		};
		4D3CAAD727D5AC260079C2C0 /* Tests macOS */ = {
			isa = PBXNativeTarget;
			buildConfigurationList = 4D3CAAF527D5AC260079C2C0 /* Build configuration list for PBXNativeTarget "Tests macOS" */;
			buildPhases = (
				4D3CAAD427D5AC260079C2C0 /* Sources */,
				4D3CAAD527D5AC260079C2C0 /* Frameworks */,
				4D3CAAD627D5AC260079C2C0 /* Resources */,
			);
			buildRules = (
			);
			dependencies = (
				4D3CAADA27D5AC260079C2C0 /* PBXTargetDependency */,
			);
			name = "Tests macOS";
			productName = "Tests macOS";
			productReference = 4D3CAAD827D5AC260079C2C0 /* Tests macOS.xctest */;
			productType = "com.apple.product-type.bundle.ui-testing";
		};
/* End PBXNativeTarget section */

/* Begin PBXProject section */
		4D3CAAB027D5AC240079C2C0 /* Project object */ = {
			isa = PBXProject;
			attributes = {
				BuildIndependentTargetsInParallel = 1;
				LastSwiftUpdateCheck = 1320;
				LastUpgradeCheck = 1320;
				TargetAttributes = {
					4D3CAABE27D5AC260079C2C0 = {
						CreatedOnToolsVersion = 13.2.1;
					};
					4D3CAAC427D5AC260079C2C0 = {
						CreatedOnToolsVersion = 13.2.1;
					};
					4D3CAACB27D5AC260079C2C0 = {
						CreatedOnToolsVersion = 13.2.1;
						TestTargetID = 4D3CAABE27D5AC260079C2C0;
					};
					4D3CAAD727D5AC260079C2C0 = {
						CreatedOnToolsVersion = 13.2.1;
						TestTargetID = 4D3CAAC427D5AC260079C2C0;
					};
				};
			};
			buildConfigurationList = 4D3CAAB327D5AC240079C2C0 /* Build configuration list for PBXProject "FilteringExample" */;
			compatibilityVersion = "Xcode 13.0";
			developmentRegion = en;
			hasScannedForEncodings = 0;
			knownRegions = (
				en,
				Base,
			);
			mainGroup = 4D3CAAAF27D5AC240079C2C0;
			productRefGroup = 4D3CAAC027D5AC260079C2C0 /* Products */;
			projectDirPath = "";
			projectRoot = "";
			targets = (
				4D3CAABE27D5AC260079C2C0 /* FilteringExample (iOS) */,
				4D3CAAC427D5AC260079C2C0 /* FilteringExample (macOS) */,
				4D3CAACB27D5AC260079C2C0 /* Tests iOS */,
				4D3CAAD727D5AC260079C2C0 /* Tests macOS */,
			);
		};
/* End PBXProject section */

/* Begin PBXResourcesBuildPhase section */
		4D3CAABD27D5AC260079C2C0 /* Resources */ = {
			isa = PBXResourcesBuildPhase;
			buildActionMask = 2147483647;
			files = (
				4D3CAAE827D5AC260079C2C0 /* Assets.xcassets in Resources */,
			);
			runOnlyForDeploymentPostprocessing = 0;
		};
		4D3CAAC327D5AC260079C2C0 /* Resources */ = {
			isa = PBXResourcesBuildPhase;
			buildActionMask = 2147483647;
			files = (
				4D3CAAE927D5AC260079C2C0 /* Assets.xcassets in Resources */,
			);
			runOnlyForDeploymentPostprocessing = 0;
		};
		4D3CAACA27D5AC260079C2C0 /* Resources */ = {
			isa = PBXResourcesBuildPhase;
			buildActionMask = 2147483647;
			files = (
			);
			runOnlyForDeploymentPostprocessing = 0;
		};
		4D3CAAD627D5AC260079C2C0 /* Resources */ = {
			isa = PBXResourcesBuildPhase;
			buildActionMask = 2147483647;
			files = (
			);
			runOnlyForDeploymentPostprocessing = 0;
		};
/* End PBXResourcesBuildPhase section */

/* Begin PBXSourcesBuildPhase section */
		4D3CAABB27D5AC260079C2C0 /* Sources */ = {
			isa = PBXSourcesBuildPhase;
			buildActionMask = 2147483647;
			files = (
				4D3CAAE027D5AC260079C2C0 /* FilteringExample.xcdatamodeld in Sources */,
				4D3CAAE627D5AC260079C2C0 /* Persistence.swift in Sources */,
				4D3CAAE227D5AC260079C2C0 /* FilteringExampleApp.swift in Sources */,
				4D3CAB3D27D6ABA50079C2C0 /* Item+CoreDataClass.swift in Sources */,
				4D3CAB3F27D6ABA50079C2C0 /* Item+CoreDataProperties.swift in Sources */,
				4D3CAB2427D681910079C2C0 /* ItemDetail.swift in Sources */,
				4D3CAB2727D68C620079C2C0 /* ItemSort.swift in Sources */,
				4D3CAAE427D5AC260079C2C0 /* ContentView.swift in Sources */,
				4D3CAB3027D68FF70079C2C0 /* ItemSortSelectionView.swift in Sources */,
				4D3CAB3327D69D0C0079C2C0 /* ItemBrowseView.swift in Sources */,
			);
			runOnlyForDeploymentPostprocessing = 0;
		};
		4D3CAAC127D5AC260079C2C0 /* Sources */ = {
			isa = PBXSourcesBuildPhase;
			buildActionMask = 2147483647;
			files = (
				4D3CAAE127D5AC260079C2C0 /* FilteringExample.xcdatamodeld in Sources */,
				4D3CAAE727D5AC260079C2C0 /* Persistence.swift in Sources */,
				4D3CAAE327D5AC260079C2C0 /* FilteringExampleApp.swift in Sources */,
				4D3CAB3E27D6ABA50079C2C0 /* Item+CoreDataClass.swift in Sources */,
				4D3CAB4027D6ABA50079C2C0 /* Item+CoreDataProperties.swift in Sources */,
				4D3CAB2527D681910079C2C0 /* ItemDetail.swift in Sources */,
				4D3CAB2827D68C620079C2C0 /* ItemSort.swift in Sources */,
				4D3CAAE527D5AC260079C2C0 /* ContentView.swift in Sources */,
				4D3CAB3127D68FF70079C2C0 /* ItemSortSelectionView.swift in Sources */,
				4D3CAB3427D69D0C0079C2C0 /* ItemBrowseView.swift in Sources */,
			);
			runOnlyForDeploymentPostprocessing = 0;
		};
		4D3CAAC827D5AC260079C2C0 /* Sources */ = {
			isa = PBXSourcesBuildPhase;
			buildActionMask = 2147483647;
			files = (
				4D3CAAD327D5AC260079C2C0 /* Tests_iOSLaunchTests.swift in Sources */,
				4D3CAAD127D5AC260079C2C0 /* Tests_iOS.swift in Sources */,
			);
			runOnlyForDeploymentPostprocessing = 0;
		};
		4D3CAAD427D5AC260079C2C0 /* Sources */ = {
			isa = PBXSourcesBuildPhase;
			buildActionMask = 2147483647;
			files = (
				4D3CAADF27D5AC260079C2C0 /* Tests_macOSLaunchTests.swift in Sources */,
				4D3CAADD27D5AC260079C2C0 /* Tests_macOS.swift in Sources */,
			);
			runOnlyForDeploymentPostprocessing = 0;
		};
/* End PBXSourcesBuildPhase section */

/* Begin PBXTargetDependency section */
		4D3CAACE27D5AC260079C2C0 /* PBXTargetDependency */ = {
			isa = PBXTargetDependency;
			target = 4D3CAABE27D5AC260079C2C0 /* FilteringExample (iOS) */;
			targetProxy = 4D3CAACD27D5AC260079C2C0 /* PBXContainerItemProxy */;
		};
		4D3CAADA27D5AC260079C2C0 /* PBXTargetDependency */ = {
			isa = PBXTargetDependency;
			target = 4D3CAAC427D5AC260079C2C0 /* FilteringExample (macOS) */;
			targetProxy = 4D3CAAD927D5AC260079C2C0 /* PBXContainerItemProxy */;
		};
/* End PBXTargetDependency section */

/* Begin XCBuildConfiguration section */
		4D3CAAEA27D5AC260079C2C0 /* Debug */ = {
			isa = XCBuildConfiguration;
			buildSettings = {
				ALWAYS_SEARCH_USER_PATHS = NO;
				CLANG_ANALYZER_NONNULL = YES;
				CLANG_ANALYZER_NUMBER_OBJECT_CONVERSION = YES_AGGRESSIVE;
				CLANG_CXX_LANGUAGE_STANDARD = "gnu++17";
				CLANG_CXX_LIBRARY = "libc++";
				CLANG_ENABLE_MODULES = YES;
				CLANG_ENABLE_OBJC_ARC = YES;
				CLANG_ENABLE_OBJC_WEAK = YES;
				CLANG_WARN_BLOCK_CAPTURE_AUTORELEASING = YES;
				CLANG_WARN_BOOL_CONVERSION = YES;
				CLANG_WARN_COMMA = YES;
				CLANG_WARN_CONSTANT_CONVERSION = YES;
				CLANG_WARN_DEPRECATED_OBJC_IMPLEMENTATIONS = YES;
				CLANG_WARN_DIRECT_OBJC_ISA_USAGE = YES_ERROR;
				CLANG_WARN_DOCUMENTATION_COMMENTS = YES;
				CLANG_WARN_EMPTY_BODY = YES;
				CLANG_WARN_ENUM_CONVERSION = YES;
				CLANG_WARN_INFINITE_RECURSION = YES;
				CLANG_WARN_INT_CONVERSION = YES;
				CLANG_WARN_NON_LITERAL_NULL_CONVERSION = YES;
				CLANG_WARN_OBJC_IMPLICIT_RETAIN_SELF = YES;
				CLANG_WARN_OBJC_LITERAL_CONVERSION = YES;
				CLANG_WARN_OBJC_ROOT_CLASS = YES_ERROR;
				CLANG_WARN_QUOTED_INCLUDE_IN_FRAMEWORK_HEADER = YES;
				CLANG_WARN_RANGE_LOOP_ANALYSIS = YES;
				CLANG_WARN_STRICT_PROTOTYPES = YES;
				CLANG_WARN_SUSPICIOUS_MOVE = YES;
				CLANG_WARN_UNGUARDED_AVAILABILITY = YES_AGGRESSIVE;
				CLANG_WARN_UNREACHABLE_CODE = YES;
				CLANG_WARN__DUPLICATE_METHOD_MATCH = YES;
				COPY_PHASE_STRIP = NO;
				DEBUG_INFORMATION_FORMAT = dwarf;
				ENABLE_STRICT_OBJC_MSGSEND = YES;
				ENABLE_TESTABILITY = YES;
				GCC_C_LANGUAGE_STANDARD = gnu11;
				GCC_DYNAMIC_NO_PIC = NO;
				GCC_NO_COMMON_BLOCKS = YES;
				GCC_OPTIMIZATION_LEVEL = 0;
				GCC_PREPROCESSOR_DEFINITIONS = (
					"DEBUG=1",
					"$(inherited)",
				);
				GCC_WARN_64_TO_32_BIT_CONVERSION = YES;
				GCC_WARN_ABOUT_RETURN_TYPE = YES_ERROR;
				GCC_WARN_UNDECLARED_SELECTOR = YES;
				GCC_WARN_UNINITIALIZED_AUTOS = YES_AGGRESSIVE;
				GCC_WARN_UNUSED_FUNCTION = YES;
				GCC_WARN_UNUSED_VARIABLE = YES;
				MTL_ENABLE_DEBUG_INFO = INCLUDE_SOURCE;
				MTL_FAST_MATH = YES;
				ONLY_ACTIVE_ARCH = YES;
				SWIFT_ACTIVE_COMPILATION_CONDITIONS = DEBUG;
				SWIFT_OPTIMIZATION_LEVEL = "-Onone";
			};
			name = Debug;
		};
		4D3CAAEB27D5AC260079C2C0 /* Release */ = {
			isa = XCBuildConfiguration;
			buildSettings = {
				ALWAYS_SEARCH_USER_PATHS = NO;
				CLANG_ANALYZER_NONNULL = YES;
				CLANG_ANALYZER_NUMBER_OBJECT_CONVERSION = YES_AGGRESSIVE;
				CLANG_CXX_LANGUAGE_STANDARD = "gnu++17";
				CLANG_CXX_LIBRARY = "libc++";
				CLANG_ENABLE_MODULES = YES;
				CLANG_ENABLE_OBJC_ARC = YES;
				CLANG_ENABLE_OBJC_WEAK = YES;
				CLANG_WARN_BLOCK_CAPTURE_AUTORELEASING = YES;
				CLANG_WARN_BOOL_CONVERSION = YES;
				CLANG_WARN_COMMA = YES;
				CLANG_WARN_CONSTANT_CONVERSION = YES;
				CLANG_WARN_DEPRECATED_OBJC_IMPLEMENTATIONS = YES;
				CLANG_WARN_DIRECT_OBJC_ISA_USAGE = YES_ERROR;
				CLANG_WARN_DOCUMENTATION_COMMENTS = YES;
				CLANG_WARN_EMPTY_BODY = YES;
				CLANG_WARN_ENUM_CONVERSION = YES;
				CLANG_WARN_INFINITE_RECURSION = YES;
				CLANG_WARN_INT_CONVERSION = YES;
				CLANG_WARN_NON_LITERAL_NULL_CONVERSION = YES;
				CLANG_WARN_OBJC_IMPLICIT_RETAIN_SELF = YES;
				CLANG_WARN_OBJC_LITERAL_CONVERSION = YES;
				CLANG_WARN_OBJC_ROOT_CLASS = YES_ERROR;
				CLANG_WARN_QUOTED_INCLUDE_IN_FRAMEWORK_HEADER = YES;
				CLANG_WARN_RANGE_LOOP_ANALYSIS = YES;
				CLANG_WARN_STRICT_PROTOTYPES = YES;
				CLANG_WARN_SUSPICIOUS_MOVE = YES;
				CLANG_WARN_UNGUARDED_AVAILABILITY = YES_AGGRESSIVE;
				CLANG_WARN_UNREACHABLE_CODE = YES;
				CLANG_WARN__DUPLICATE_METHOD_MATCH = YES;
				COPY_PHASE_STRIP = NO;
				DEBUG_INFORMATION_FORMAT = "dwarf-with-dsym";
				ENABLE_NS_ASSERTIONS = NO;
				ENABLE_STRICT_OBJC_MSGSEND = YES;
				GCC_C_LANGUAGE_STANDARD = gnu11;
				GCC_NO_COMMON_BLOCKS = YES;
				GCC_WARN_64_TO_32_BIT_CONVERSION = YES;
				GCC_WARN_ABOUT_RETURN_TYPE = YES_ERROR;
				GCC_WARN_UNDECLARED_SELECTOR = YES;
				GCC_WARN_UNINITIALIZED_AUTOS = YES_AGGRESSIVE;
				GCC_WARN_UNUSED_FUNCTION = YES;
				GCC_WARN_UNUSED_VARIABLE = YES;
				MTL_ENABLE_DEBUG_INFO = NO;
				MTL_FAST_MATH = YES;
				SWIFT_COMPILATION_MODE = wholemodule;
				SWIFT_OPTIMIZATION_LEVEL = "-O";
			};
			name = Release;
		};
		4D3CAAED27D5AC260079C2C0 /* Debug */ = {
			isa = XCBuildConfiguration;
			buildSettings = {
				ASSETCATALOG_COMPILER_APPICON_NAME = AppIcon;
				ASSETCATALOG_COMPILER_GLOBAL_ACCENT_COLOR_NAME = AccentColor;
				CODE_SIGN_STYLE = Automatic;
				CURRENT_PROJECT_VERSION = 1;
				DEVELOPMENT_TEAM = 3V5W9RZX9L;
				ENABLE_PREVIEWS = YES;
				GENERATE_INFOPLIST_FILE = YES;
				INFOPLIST_KEY_UIApplicationSceneManifest_Generation = YES;
				INFOPLIST_KEY_UIApplicationSupportsIndirectInputEvents = YES;
				INFOPLIST_KEY_UILaunchScreen_Generation = YES;
				INFOPLIST_KEY_UISupportedInterfaceOrientations_iPad = "UIInterfaceOrientationPortrait UIInterfaceOrientationPortraitUpsideDown UIInterfaceOrientationLandscapeLeft UIInterfaceOrientationLandscapeRight";
				INFOPLIST_KEY_UISupportedInterfaceOrientations_iPhone = "UIInterfaceOrientationPortrait UIInterfaceOrientationLandscapeLeft UIInterfaceOrientationLandscapeRight";
				IPHONEOS_DEPLOYMENT_TARGET = 15.2;
				LD_RUNPATH_SEARCH_PATHS = (
					"$(inherited)",
					"@executable_path/Frameworks",
				);
				MARKETING_VERSION = 1.0;
				PRODUCT_BUNDLE_IDENTIFIER = SimplyKyra.FilteringExample;
				PRODUCT_NAME = FilteringExample;
				SDKROOT = iphoneos;
				SWIFT_EMIT_LOC_STRINGS = YES;
				SWIFT_VERSION = 5.0;
				TARGETED_DEVICE_FAMILY = "1,2";
			};
			name = Debug;
		};
		4D3CAAEE27D5AC260079C2C0 /* Release */ = {
			isa = XCBuildConfiguration;
			buildSettings = {
				ASSETCATALOG_COMPILER_APPICON_NAME = AppIcon;
				ASSETCATALOG_COMPILER_GLOBAL_ACCENT_COLOR_NAME = AccentColor;
				CODE_SIGN_STYLE = Automatic;
				CURRENT_PROJECT_VERSION = 1;
				DEVELOPMENT_TEAM = 3V5W9RZX9L;
				ENABLE_PREVIEWS = YES;
				GENERATE_INFOPLIST_FILE = YES;
				INFOPLIST_KEY_UIApplicationSceneManifest_Generation = YES;
				INFOPLIST_KEY_UIApplicationSupportsIndirectInputEvents = YES;
				INFOPLIST_KEY_UILaunchScreen_Generation = YES;
				INFOPLIST_KEY_UISupportedInterfaceOrientations_iPad = "UIInterfaceOrientationPortrait UIInterfaceOrientationPortraitUpsideDown UIInterfaceOrientationLandscapeLeft UIInterfaceOrientationLandscapeRight";
				INFOPLIST_KEY_UISupportedInterfaceOrientations_iPhone = "UIInterfaceOrientationPortrait UIInterfaceOrientationLandscapeLeft UIInterfaceOrientationLandscapeRight";
				IPHONEOS_DEPLOYMENT_TARGET = 15.2;
				LD_RUNPATH_SEARCH_PATHS = (
					"$(inherited)",
					"@executable_path/Frameworks",
				);
				MARKETING_VERSION = 1.0;
				PRODUCT_BUNDLE_IDENTIFIER = SimplyKyra.FilteringExample;
				PRODUCT_NAME = FilteringExample;
				SDKROOT = iphoneos;
				SWIFT_EMIT_LOC_STRINGS = YES;
				SWIFT_VERSION = 5.0;
				TARGETED_DEVICE_FAMILY = "1,2";
				VALIDATE_PRODUCT = YES;
			};
			name = Release;
		};
		4D3CAAF027D5AC260079C2C0 /* Debug */ = {
			isa = XCBuildConfiguration;
			buildSettings = {
				ASSETCATALOG_COMPILER_APPICON_NAME = AppIcon;
				ASSETCATALOG_COMPILER_GLOBAL_ACCENT_COLOR_NAME = AccentColor;
				CODE_SIGN_ENTITLEMENTS = macOS/macOS.entitlements;
				CODE_SIGN_STYLE = Automatic;
				COMBINE_HIDPI_IMAGES = YES;
				CURRENT_PROJECT_VERSION = 1;
				DEVELOPMENT_TEAM = 3V5W9RZX9L;
				ENABLE_HARDENED_RUNTIME = YES;
				ENABLE_PREVIEWS = YES;
				GENERATE_INFOPLIST_FILE = YES;
				INFOPLIST_KEY_NSHumanReadableCopyright = "";
				LD_RUNPATH_SEARCH_PATHS = (
					"$(inherited)",
					"@executable_path/../Frameworks",
				);
				MACOSX_DEPLOYMENT_TARGET = 12.1;
				MARKETING_VERSION = 1.0;
				PRODUCT_BUNDLE_IDENTIFIER = SimplyKyra.FilteringExample;
				PRODUCT_NAME = FilteringExample;
				SDKROOT = macosx;
				SWIFT_EMIT_LOC_STRINGS = YES;
				SWIFT_VERSION = 5.0;
			};
			name = Debug;
		};
		4D3CAAF127D5AC260079C2C0 /* Release */ = {
			isa = XCBuildConfiguration;
			buildSettings = {
				ASSETCATALOG_COMPILER_APPICON_NAME = AppIcon;
				ASSETCATALOG_COMPILER_GLOBAL_ACCENT_COLOR_NAME = AccentColor;
				CODE_SIGN_ENTITLEMENTS = macOS/macOS.entitlements;
				CODE_SIGN_STYLE = Automatic;
				COMBINE_HIDPI_IMAGES = YES;
				CURRENT_PROJECT_VERSION = 1;
				DEVELOPMENT_TEAM = 3V5W9RZX9L;
				ENABLE_HARDENED_RUNTIME = YES;
				ENABLE_PREVIEWS = YES;
				GENERATE_INFOPLIST_FILE = YES;
				INFOPLIST_KEY_NSHumanReadableCopyright = "";
				LD_RUNPATH_SEARCH_PATHS = (
					"$(inherited)",
					"@executable_path/../Frameworks",
				);
				MACOSX_DEPLOYMENT_TARGET = 12.1;
				MARKETING_VERSION = 1.0;
				PRODUCT_BUNDLE_IDENTIFIER = SimplyKyra.FilteringExample;
				PRODUCT_NAME = FilteringExample;
				SDKROOT = macosx;
				SWIFT_EMIT_LOC_STRINGS = YES;
				SWIFT_VERSION = 5.0;
			};
			name = Release;
		};
		4D3CAAF327D5AC260079C2C0 /* Debug */ = {
			isa = XCBuildConfiguration;
			buildSettings = {
				ALWAYS_EMBED_SWIFT_STANDARD_LIBRARIES = YES;
				CODE_SIGN_STYLE = Automatic;
				CURRENT_PROJECT_VERSION = 1;
				DEVELOPMENT_TEAM = 3V5W9RZX9L;
				GENERATE_INFOPLIST_FILE = YES;
				IPHONEOS_DEPLOYMENT_TARGET = 15.2;
				MARKETING_VERSION = 1.0;
				PRODUCT_BUNDLE_IDENTIFIER = "SimplyKyra.Tests-iOS";
				PRODUCT_NAME = "$(TARGET_NAME)";
				SDKROOT = iphoneos;
				SWIFT_EMIT_LOC_STRINGS = NO;
				SWIFT_VERSION = 5.0;
				TARGETED_DEVICE_FAMILY = "1,2";
				TEST_TARGET_NAME = "FilteringExample (iOS)";
			};
			name = Debug;
		};
		4D3CAAF427D5AC260079C2C0 /* Release */ = {
			isa = XCBuildConfiguration;
			buildSettings = {
				ALWAYS_EMBED_SWIFT_STANDARD_LIBRARIES = YES;
				CODE_SIGN_STYLE = Automatic;
				CURRENT_PROJECT_VERSION = 1;
				DEVELOPMENT_TEAM = 3V5W9RZX9L;
				GENERATE_INFOPLIST_FILE = YES;
				IPHONEOS_DEPLOYMENT_TARGET = 15.2;
				MARKETING_VERSION = 1.0;
				PRODUCT_BUNDLE_IDENTIFIER = "SimplyKyra.Tests-iOS";
				PRODUCT_NAME = "$(TARGET_NAME)";
				SDKROOT = iphoneos;
				SWIFT_EMIT_LOC_STRINGS = NO;
				SWIFT_VERSION = 5.0;
				TARGETED_DEVICE_FAMILY = "1,2";
				TEST_TARGET_NAME = "FilteringExample (iOS)";
				VALIDATE_PRODUCT = YES;
			};
			name = Release;
		};
		4D3CAAF627D5AC260079C2C0 /* Debug */ = {
			isa = XCBuildConfiguration;
			buildSettings = {
				ALWAYS_EMBED_SWIFT_STANDARD_LIBRARIES = YES;
				CODE_SIGN_STYLE = Automatic;
				CURRENT_PROJECT_VERSION = 1;
				DEVELOPMENT_TEAM = 3V5W9RZX9L;
				GENERATE_INFOPLIST_FILE = YES;
				MACOSX_DEPLOYMENT_TARGET = 12.1;
				MARKETING_VERSION = 1.0;
				PRODUCT_BUNDLE_IDENTIFIER = "SimplyKyra.Tests-macOS";
				PRODUCT_NAME = "$(TARGET_NAME)";
				SDKROOT = macosx;
				SWIFT_EMIT_LOC_STRINGS = NO;
				SWIFT_VERSION = 5.0;
				TEST_TARGET_NAME = "FilteringExample (macOS)";
			};
			name = Debug;
		};
		4D3CAAF727D5AC260079C2C0 /* Release */ = {
			isa = XCBuildConfiguration;
			buildSettings = {
				ALWAYS_EMBED_SWIFT_STANDARD_LIBRARIES = YES;
				CODE_SIGN_STYLE = Automatic;
				CURRENT_PROJECT_VERSION = 1;
				DEVELOPMENT_TEAM = 3V5W9RZX9L;
				GENERATE_INFOPLIST_FILE = YES;
				MACOSX_DEPLOYMENT_TARGET = 12.1;
				MARKETING_VERSION = 1.0;
				PRODUCT_BUNDLE_IDENTIFIER = "SimplyKyra.Tests-macOS";
				PRODUCT_NAME = "$(TARGET_NAME)";
				SDKROOT = macosx;
				SWIFT_EMIT_LOC_STRINGS = NO;
				SWIFT_VERSION = 5.0;
				TEST_TARGET_NAME = "FilteringExample (macOS)";
			};
			name = Release;
		};
/* End XCBuildConfiguration section */

/* Begin XCConfigurationList section */
		4D3CAAB327D5AC240079C2C0 /* Build configuration list for PBXProject "FilteringExample" */ = {
			isa = XCConfigurationList;
			buildConfigurations = (
				4D3CAAEA27D5AC260079C2C0 /* Debug */,
				4D3CAAEB27D5AC260079C2C0 /* Release */,
			);
			defaultConfigurationIsVisible = 0;
			defaultConfigurationName = Release;
		};
		4D3CAAEC27D5AC260079C2C0 /* Build configuration list for PBXNativeTarget "FilteringExample (iOS)" */ = {
			isa = XCConfigurationList;
			buildConfigurations = (
				4D3CAAED27D5AC260079C2C0 /* Debug */,
				4D3CAAEE27D5AC260079C2C0 /* Release */,
			);
			defaultConfigurationIsVisible = 0;
			defaultConfigurationName = Release;
		};
		4D3CAAEF27D5AC260079C2C0 /* Build configuration list for PBXNativeTarget "FilteringExample (macOS)" */ = {
			isa = XCConfigurationList;
			buildConfigurations = (
				4D3CAAF027D5AC260079C2C0 /* Debug */,
				4D3CAAF127D5AC260079C2C0 /* Release */,
			);
			defaultConfigurationIsVisible = 0;
			defaultConfigurationName = Release;
		};
		4D3CAAF227D5AC260079C2C0 /* Build configuration list for PBXNativeTarget "Tests iOS" */ = {
			isa = XCConfigurationList;
			buildConfigurations = (
				4D3CAAF327D5AC260079C2C0 /* Debug */,
				4D3CAAF427D5AC260079C2C0 /* Release */,
			);
			defaultConfigurationIsVisible = 0;
			defaultConfigurationName = Release;
		};
		4D3CAAF527D5AC260079C2C0 /* Build configuration list for PBXNativeTarget "Tests macOS" */ = {
			isa = XCConfigurationList;
			buildConfigurations = (
				4D3CAAF627D5AC260079C2C0 /* Debug */,
				4D3CAAF727D5AC260079C2C0 /* Release */,
			);
			defaultConfigurationIsVisible = 0;
			defaultConfigurationName = Release;
		};
/* End XCConfigurationList section */

/* Begin XCVersionGroup section */
		4D3CAAB527D5AC240079C2C0 /* FilteringExample.xcdatamodeld */ = {
			isa = XCVersionGroup;
			children = (
				4D3CAAB627D5AC240079C2C0 /* Shared.xcdatamodel */,
			);
			currentVersion = 4D3CAAB627D5AC240079C2C0 /* Shared.xcdatamodel */;
			path = FilteringExample.xcdatamodeld;
			sourceTree = "<group>";
			versionGroupType = wrapper.xcdatamodel;
		};
/* End XCVersionGroup section */
	};
	rootObject = 4D3CAAB027D5AC240079C2C0 /* Project object */;
}
